
Microsoft Visual Studio Solution File, Format Version 12.00
# Visual Studio 14
VisualStudioVersion = 14.0.24720.0
MinimumVisualStudioVersion = 10.0.40219.1
Project("{9092AA53-FB77-4645-B42D-1CCCA6BD08BD}") = "EasyErp-Desctop", "EasyErp-Desctop.njsproj", "{5DF77C7F-18B3-4139-BB18-467910E2A76E}"
EndProject
Global
	GlobalSection(SolutionConfigurationPlatforms) = preSolution
		Debug|Any CPU = Debug|Any CPU
		Release|Any CPU = Release|Any CPU
	EndGlobalSection
	GlobalSection(ProjectConfigurationPlatforms) = postSolution
		{5DF77C7F-18B3-4139-BB18-467910E2A76E}.Debug|Any CPU.ActiveCfg = Debug|Any CPU
		{5DF77C7F-18B3-4139-BB18-467910E2A76E}.Debug|Any CPU.Build.0 = Debug|Any CPU
		{5DF77C7F-18B3-4139-BB18-467910E2A76E}.Release|Any CPU.ActiveCfg = Release|Any CPU
		{5DF77C7F-18B3-4139-BB18-467910E2A76E}.Release|Any CPU.Build.0 = Release|Any CPU
	EndGlobalSection
	GlobalSection(SolutionProperties) = preSolution
		HideSolutionNode = FALSE
	EndGlobalSection
EndGlobal
